
Microsoft Visual Studio Solution File, Format Version 12.00
# Visual Studio 15
VisualStudioVersion = 15.0.28010.2003
MinimumVisualStudioVersion = 10.0.40219.1
Project("{FAE04EC0-301F-11D3-BF4B-00C04F79EFBC}") = "DAL", "DAL\DAL.csproj", "{1AA40B6B-F26A-4664-8BC8-AE147078F237}"
EndProject
Project("{9A19103F-16F7-4668-BE54-9A1E7A4F7556}") = "Common", "Common\Common\Common.csproj", "{DCD28457-876C-42C6-9E3C-DA8A09DE9D38}"
EndProject
Project("{FAE04EC0-301F-11D3-BF4B-00C04F79EFBC}") = "DALTest", "DALTest\DALTest.csproj", "{37A6821F-6962-4C64-A9A2-2DA861E5793D}"
EndProject
Global
	GlobalSection(SolutionConfigurationPlatforms) = preSolution
		Debug|Any CPU = Debug|Any CPU
		Release|Any CPU = Release|Any CPU
	EndGlobalSection
	GlobalSection(ProjectConfigurationPlatforms) = postSolution
		{1AA40B6B-F26A-4664-8BC8-AE147078F237}.Debug|Any CPU.ActiveCfg = Debug|Any CPU
		{1AA40B6B-F26A-4664-8BC8-AE147078F237}.Debug|Any CPU.Build.0 = Debug|Any CPU
		{1AA40B6B-F26A-4664-8BC8-AE147078F237}.Release|Any CPU.ActiveCfg = Release|Any CPU
		{1AA40B6B-F26A-4664-8BC8-AE147078F237}.Release|Any CPU.Build.0 = Release|Any CPU
		{DCD28457-876C-42C6-9E3C-DA8A09DE9D38}.Debug|Any CPU.ActiveCfg = Debug|Any CPU
		{DCD28457-876C-42C6-9E3C-DA8A09DE9D38}.Debug|Any CPU.Build.0 = Debug|Any CPU
		{DCD28457-876C-42C6-9E3C-DA8A09DE9D38}.Release|Any CPU.ActiveCfg = Release|Any CPU
		{DCD28457-876C-42C6-9E3C-DA8A09DE9D38}.Release|Any CPU.Build.0 = Release|Any CPU
		{37A6821F-6962-4C64-A9A2-2DA861E5793D}.Debug|Any CPU.ActiveCfg = Debug|Any CPU
		{37A6821F-6962-4C64-A9A2-2DA861E5793D}.Debug|Any CPU.Build.0 = Debug|Any CPU
		{37A6821F-6962-4C64-A9A2-2DA861E5793D}.Release|Any CPU.ActiveCfg = Release|Any CPU
		{37A6821F-6962-4C64-A9A2-2DA861E5793D}.Release|Any CPU.Build.0 = Release|Any CPU
	EndGlobalSection
	GlobalSection(SolutionProperties) = preSolution
		HideSolutionNode = FALSE
	EndGlobalSection
	GlobalSection(ExtensibilityGlobals) = postSolution
		SolutionGuid = {EDFEDDA5-3E61-439C-BE92-DD8D1F8E7384}
	EndGlobalSection
EndGlobal
