
Microsoft Visual Studio Solution File, Format Version 12.00
# Visual Studio 15
VisualStudioVersion = 15.0.28010.2003
MinimumVisualStudioVersion = 10.0.40219.1
Project("{FAE04EC0-301F-11D3-BF4B-00C04F79EFBC}") = "FlightsGenerator", "FlightsGenerator\FlightsGenerator.csproj", "{02BF8F38-BB61-4F51-A7DE-7C195363A93C}"
EndProject
Project("{FAE04EC0-301F-11D3-BF4B-00C04F79EFBC}") = "FlightsRadar", "RadarFlight\FlightsRadar.csproj", "{FB395368-D5B5-4EB9-BAD7-5FDF354C3624}"
EndProject
Project("{FAE04EC0-301F-11D3-BF4B-00C04F79EFBC}") = "ApiService", "ApiService\ApiService\ApiService.csproj", "{19D3FFE8-E8FC-4486-B792-A9976B07B208}"
EndProject
Project("{FAE04EC0-301F-11D3-BF4B-00C04F79EFBC}") = "BL", "BL\BL\BL.csproj", "{BF004F49-5D63-4476-A381-A59FA1587289}"
EndProject
Project("{9A19103F-16F7-4668-BE54-9A1E7A4F7556}") = "Common", "Common\Common\Common.csproj", "{73BA6331-6D63-459F-BE6D-4A0D502792D5}"
EndProject
Project("{FAE04EC0-301F-11D3-BF4B-00C04F79EFBC}") = "DAL", "DAL\DAL\DAL.csproj", "{1AA40B6B-F26A-4664-8BC8-AE147078F237}"
EndProject
Project("{FAE04EC0-301F-11D3-BF4B-00C04F79EFBC}") = "BL.Tests", "BL.Tests\BL.Tests.csproj", "{46EA4CC9-C06F-49D8-8D43-51B7856C183A}"
EndProject
Global
	GlobalSection(SolutionConfigurationPlatforms) = preSolution
		Debug|Any CPU = Debug|Any CPU
		Debug|ARM = Debug|ARM
		Debug|x64 = Debug|x64
		Debug|x86 = Debug|x86
		Release|Any CPU = Release|Any CPU
		Release|ARM = Release|ARM
		Release|x64 = Release|x64
		Release|x86 = Release|x86
	EndGlobalSection
	GlobalSection(ProjectConfigurationPlatforms) = postSolution
		{02BF8F38-BB61-4F51-A7DE-7C195363A93C}.Debug|Any CPU.ActiveCfg = Debug|Any CPU
		{02BF8F38-BB61-4F51-A7DE-7C195363A93C}.Debug|Any CPU.Build.0 = Debug|Any CPU
		{02BF8F38-BB61-4F51-A7DE-7C195363A93C}.Debug|ARM.ActiveCfg = Debug|Any CPU
		{02BF8F38-BB61-4F51-A7DE-7C195363A93C}.Debug|ARM.Build.0 = Debug|Any CPU
		{02BF8F38-BB61-4F51-A7DE-7C195363A93C}.Debug|x64.ActiveCfg = Debug|Any CPU
		{02BF8F38-BB61-4F51-A7DE-7C195363A93C}.Debug|x64.Build.0 = Debug|Any CPU
		{02BF8F38-BB61-4F51-A7DE-7C195363A93C}.Debug|x86.ActiveCfg = Debug|Any CPU
		{02BF8F38-BB61-4F51-A7DE-7C195363A93C}.Debug|x86.Build.0 = Debug|Any CPU
		{02BF8F38-BB61-4F51-A7DE-7C195363A93C}.Release|Any CPU.ActiveCfg = Release|Any CPU
		{02BF8F38-BB61-4F51-A7DE-7C195363A93C}.Release|Any CPU.Build.0 = Release|Any CPU
		{02BF8F38-BB61-4F51-A7DE-7C195363A93C}.Release|ARM.ActiveCfg = Release|Any CPU
		{02BF8F38-BB61-4F51-A7DE-7C195363A93C}.Release|ARM.Build.0 = Release|Any CPU
		{02BF8F38-BB61-4F51-A7DE-7C195363A93C}.Release|x64.ActiveCfg = Release|Any CPU
		{02BF8F38-BB61-4F51-A7DE-7C195363A93C}.Release|x64.Build.0 = Release|Any CPU
		{02BF8F38-BB61-4F51-A7DE-7C195363A93C}.Release|x86.ActiveCfg = Release|Any CPU
		{02BF8F38-BB61-4F51-A7DE-7C195363A93C}.Release|x86.Build.0 = Release|Any CPU
		{FB395368-D5B5-4EB9-BAD7-5FDF354C3624}.Debug|Any CPU.ActiveCfg = Debug|x86
		{FB395368-D5B5-4EB9-BAD7-5FDF354C3624}.Debug|ARM.ActiveCfg = Debug|ARM
		{FB395368-D5B5-4EB9-BAD7-5FDF354C3624}.Debug|ARM.Build.0 = Debug|ARM
		{FB395368-D5B5-4EB9-BAD7-5FDF354C3624}.Debug|ARM.Deploy.0 = Debug|ARM
		{FB395368-D5B5-4EB9-BAD7-5FDF354C3624}.Debug|x64.ActiveCfg = Debug|x64
		{FB395368-D5B5-4EB9-BAD7-5FDF354C3624}.Debug|x64.Build.0 = Debug|x64
		{FB395368-D5B5-4EB9-BAD7-5FDF354C3624}.Debug|x64.Deploy.0 = Debug|x64
		{FB395368-D5B5-4EB9-BAD7-5FDF354C3624}.Debug|x86.ActiveCfg = Debug|x86
		{FB395368-D5B5-4EB9-BAD7-5FDF354C3624}.Debug|x86.Build.0 = Debug|x86
		{FB395368-D5B5-4EB9-BAD7-5FDF354C3624}.Debug|x86.Deploy.0 = Debug|x86
		{FB395368-D5B5-4EB9-BAD7-5FDF354C3624}.Release|Any CPU.ActiveCfg = Release|x86
		{FB395368-D5B5-4EB9-BAD7-5FDF354C3624}.Release|ARM.ActiveCfg = Release|ARM
		{FB395368-D5B5-4EB9-BAD7-5FDF354C3624}.Release|ARM.Build.0 = Release|ARM
		{FB395368-D5B5-4EB9-BAD7-5FDF354C3624}.Release|ARM.Deploy.0 = Release|ARM
		{FB395368-D5B5-4EB9-BAD7-5FDF354C3624}.Release|x64.ActiveCfg = Release|x64
		{FB395368-D5B5-4EB9-BAD7-5FDF354C3624}.Release|x64.Build.0 = Release|x64
		{FB395368-D5B5-4EB9-BAD7-5FDF354C3624}.Release|x64.Deploy.0 = Release|x64
		{FB395368-D5B5-4EB9-BAD7-5FDF354C3624}.Release|x86.ActiveCfg = Release|x86
		{FB395368-D5B5-4EB9-BAD7-5FDF354C3624}.Release|x86.Build.0 = Release|x86
		{FB395368-D5B5-4EB9-BAD7-5FDF354C3624}.Release|x86.Deploy.0 = Release|x86
		{19D3FFE8-E8FC-4486-B792-A9976B07B208}.Debug|Any CPU.ActiveCfg = Debug|Any CPU
		{19D3FFE8-E8FC-4486-B792-A9976B07B208}.Debug|Any CPU.Build.0 = Debug|Any CPU
		{19D3FFE8-E8FC-4486-B792-A9976B07B208}.Debug|ARM.ActiveCfg = Debug|Any CPU
		{19D3FFE8-E8FC-4486-B792-A9976B07B208}.Debug|ARM.Build.0 = Debug|Any CPU
		{19D3FFE8-E8FC-4486-B792-A9976B07B208}.Debug|x64.ActiveCfg = Debug|Any CPU
		{19D3FFE8-E8FC-4486-B792-A9976B07B208}.Debug|x64.Build.0 = Debug|Any CPU
		{19D3FFE8-E8FC-4486-B792-A9976B07B208}.Debug|x86.ActiveCfg = Debug|Any CPU
		{19D3FFE8-E8FC-4486-B792-A9976B07B208}.Debug|x86.Build.0 = Debug|Any CPU
		{19D3FFE8-E8FC-4486-B792-A9976B07B208}.Release|Any CPU.ActiveCfg = Release|Any CPU
		{19D3FFE8-E8FC-4486-B792-A9976B07B208}.Release|Any CPU.Build.0 = Release|Any CPU
		{19D3FFE8-E8FC-4486-B792-A9976B07B208}.Release|ARM.ActiveCfg = Release|Any CPU
		{19D3FFE8-E8FC-4486-B792-A9976B07B208}.Release|ARM.Build.0 = Release|Any CPU
		{19D3FFE8-E8FC-4486-B792-A9976B07B208}.Release|x64.ActiveCfg = Release|Any CPU
		{19D3FFE8-E8FC-4486-B792-A9976B07B208}.Release|x64.Build.0 = Release|Any CPU
		{19D3FFE8-E8FC-4486-B792-A9976B07B208}.Release|x86.ActiveCfg = Release|Any CPU
		{19D3FFE8-E8FC-4486-B792-A9976B07B208}.Release|x86.Build.0 = Release|Any CPU
		{BF004F49-5D63-4476-A381-A59FA1587289}.Debug|Any CPU.ActiveCfg = Debug|Any CPU
		{BF004F49-5D63-4476-A381-A59FA1587289}.Debug|Any CPU.Build.0 = Debug|Any CPU
		{BF004F49-5D63-4476-A381-A59FA1587289}.Debug|ARM.ActiveCfg = Debug|Any CPU
		{BF004F49-5D63-4476-A381-A59FA1587289}.Debug|ARM.Build.0 = Debug|Any CPU
		{BF004F49-5D63-4476-A381-A59FA1587289}.Debug|x64.ActiveCfg = Debug|Any CPU
		{BF004F49-5D63-4476-A381-A59FA1587289}.Debug|x64.Build.0 = Debug|Any CPU
		{BF004F49-5D63-4476-A381-A59FA1587289}.Debug|x86.ActiveCfg = Debug|Any CPU
		{BF004F49-5D63-4476-A381-A59FA1587289}.Debug|x86.Build.0 = Debug|Any CPU
		{BF004F49-5D63-4476-A381-A59FA1587289}.Release|Any CPU.ActiveCfg = Release|Any CPU
		{BF004F49-5D63-4476-A381-A59FA1587289}.Release|Any CPU.Build.0 = Release|Any CPU
		{BF004F49-5D63-4476-A381-A59FA1587289}.Release|ARM.ActiveCfg = Release|Any CPU
		{BF004F49-5D63-4476-A381-A59FA1587289}.Release|ARM.Build.0 = Release|Any CPU
		{BF004F49-5D63-4476-A381-A59FA1587289}.Release|x64.ActiveCfg = Release|Any CPU
		{BF004F49-5D63-4476-A381-A59FA1587289}.Release|x64.Build.0 = Release|Any CPU
		{BF004F49-5D63-4476-A381-A59FA1587289}.Release|x86.ActiveCfg = Release|Any CPU
		{BF004F49-5D63-4476-A381-A59FA1587289}.Release|x86.Build.0 = Release|Any CPU
		{73BA6331-6D63-459F-BE6D-4A0D502792D5}.Debug|Any CPU.ActiveCfg = Debug|Any CPU
		{73BA6331-6D63-459F-BE6D-4A0D502792D5}.Debug|Any CPU.Build.0 = Debug|Any CPU
		{73BA6331-6D63-459F-BE6D-4A0D502792D5}.Debug|ARM.ActiveCfg = Debug|Any CPU
		{73BA6331-6D63-459F-BE6D-4A0D502792D5}.Debug|ARM.Build.0 = Debug|Any CPU
		{73BA6331-6D63-459F-BE6D-4A0D502792D5}.Debug|x64.ActiveCfg = Debug|Any CPU
		{73BA6331-6D63-459F-BE6D-4A0D502792D5}.Debug|x64.Build.0 = Debug|Any CPU
		{73BA6331-6D63-459F-BE6D-4A0D502792D5}.Debug|x86.ActiveCfg = Debug|Any CPU
		{73BA6331-6D63-459F-BE6D-4A0D502792D5}.Debug|x86.Build.0 = Debug|Any CPU
		{73BA6331-6D63-459F-BE6D-4A0D502792D5}.Release|Any CPU.ActiveCfg = Release|Any CPU
		{73BA6331-6D63-459F-BE6D-4A0D502792D5}.Release|Any CPU.Build.0 = Release|Any CPU
		{73BA6331-6D63-459F-BE6D-4A0D502792D5}.Release|ARM.ActiveCfg = Release|Any CPU
		{73BA6331-6D63-459F-BE6D-4A0D502792D5}.Release|ARM.Build.0 = Release|Any CPU
		{73BA6331-6D63-459F-BE6D-4A0D502792D5}.Release|x64.ActiveCfg = Release|Any CPU
		{73BA6331-6D63-459F-BE6D-4A0D502792D5}.Release|x64.Build.0 = Release|Any CPU
		{73BA6331-6D63-459F-BE6D-4A0D502792D5}.Release|x86.ActiveCfg = Release|Any CPU
		{73BA6331-6D63-459F-BE6D-4A0D502792D5}.Release|x86.Build.0 = Release|Any CPU
		{1AA40B6B-F26A-4664-8BC8-AE147078F237}.Debug|Any CPU.ActiveCfg = Debug|Any CPU
		{1AA40B6B-F26A-4664-8BC8-AE147078F237}.Debug|Any CPU.Build.0 = Debug|Any CPU
		{1AA40B6B-F26A-4664-8BC8-AE147078F237}.Debug|ARM.ActiveCfg = Debug|Any CPU
		{1AA40B6B-F26A-4664-8BC8-AE147078F237}.Debug|ARM.Build.0 = Debug|Any CPU
		{1AA40B6B-F26A-4664-8BC8-AE147078F237}.Debug|x64.ActiveCfg = Debug|Any CPU
		{1AA40B6B-F26A-4664-8BC8-AE147078F237}.Debug|x64.Build.0 = Debug|Any CPU
		{1AA40B6B-F26A-4664-8BC8-AE147078F237}.Debug|x86.ActiveCfg = Debug|Any CPU
		{1AA40B6B-F26A-4664-8BC8-AE147078F237}.Debug|x86.Build.0 = Debug|Any CPU
		{1AA40B6B-F26A-4664-8BC8-AE147078F237}.Release|Any CPU.ActiveCfg = Release|Any CPU
		{1AA40B6B-F26A-4664-8BC8-AE147078F237}.Release|Any CPU.Build.0 = Release|Any CPU
		{1AA40B6B-F26A-4664-8BC8-AE147078F237}.Release|ARM.ActiveCfg = Release|Any CPU
		{1AA40B6B-F26A-4664-8BC8-AE147078F237}.Release|ARM.Build.0 = Release|Any CPU
		{1AA40B6B-F26A-4664-8BC8-AE147078F237}.Release|x64.ActiveCfg = Release|Any CPU
		{1AA40B6B-F26A-4664-8BC8-AE147078F237}.Release|x64.Build.0 = Release|Any CPU
		{1AA40B6B-F26A-4664-8BC8-AE147078F237}.Release|x86.ActiveCfg = Release|Any CPU
		{1AA40B6B-F26A-4664-8BC8-AE147078F237}.Release|x86.Build.0 = Release|Any CPU
		{46EA4CC9-C06F-49D8-8D43-51B7856C183A}.Debug|Any CPU.ActiveCfg = Debug|Any CPU
		{46EA4CC9-C06F-49D8-8D43-51B7856C183A}.Debug|Any CPU.Build.0 = Debug|Any CPU
		{46EA4CC9-C06F-49D8-8D43-51B7856C183A}.Debug|ARM.ActiveCfg = Debug|Any CPU
		{46EA4CC9-C06F-49D8-8D43-51B7856C183A}.Debug|ARM.Build.0 = Debug|Any CPU
		{46EA4CC9-C06F-49D8-8D43-51B7856C183A}.Debug|x64.ActiveCfg = Debug|Any CPU
		{46EA4CC9-C06F-49D8-8D43-51B7856C183A}.Debug|x64.Build.0 = Debug|Any CPU
		{46EA4CC9-C06F-49D8-8D43-51B7856C183A}.Debug|x86.ActiveCfg = Debug|Any CPU
		{46EA4CC9-C06F-49D8-8D43-51B7856C183A}.Debug|x86.Build.0 = Debug|Any CPU
		{46EA4CC9-C06F-49D8-8D43-51B7856C183A}.Release|Any CPU.ActiveCfg = Release|Any CPU
		{46EA4CC9-C06F-49D8-8D43-51B7856C183A}.Release|Any CPU.Build.0 = Release|Any CPU
		{46EA4CC9-C06F-49D8-8D43-51B7856C183A}.Release|ARM.ActiveCfg = Release|Any CPU
		{46EA4CC9-C06F-49D8-8D43-51B7856C183A}.Release|ARM.Build.0 = Release|Any CPU
		{46EA4CC9-C06F-49D8-8D43-51B7856C183A}.Release|x64.ActiveCfg = Release|Any CPU
		{46EA4CC9-C06F-49D8-8D43-51B7856C183A}.Release|x64.Build.0 = Release|Any CPU
		{46EA4CC9-C06F-49D8-8D43-51B7856C183A}.Release|x86.ActiveCfg = Release|Any CPU
		{46EA4CC9-C06F-49D8-8D43-51B7856C183A}.Release|x86.Build.0 = Release|Any CPU
	EndGlobalSection
	GlobalSection(SolutionProperties) = preSolution
		HideSolutionNode = FALSE
	EndGlobalSection
	GlobalSection(ExtensibilityGlobals) = postSolution
		SolutionGuid = {D84B3F97-74CB-43AE-9FD1-60B0FBAED48A}
	EndGlobalSection
EndGlobal
